// !$*UTF8*$!
{
	archiveVersion = 1;
	classes = {
	};
	objectVersion = 77;
	objects = {

/* Begin PBXBuildFile section */
		B1D891B0304E438E00C308F8 /* AppDelegate.swift in Sources */ = {isa = PBXBuildFile; fileRef = B1D891AF304E438E00C308F8 /* AppDelegate.swift */; };
		B1D891B4304E438E00C308F8 /* Main.html in Resources */ = {isa = PBXBuildFile; fileRef = B1D891B2304E438E00C308F8 /* Main.html */; };
		B1D891B6304E438E00C308F8 /* Icon.png in Resources */ = {isa = PBXBuildFile; fileRef = B1D891B5304E438E00C308F8 /* Icon.png */; };
		B1D891B8304E438E00C308F8 /* Style.css in Resources */ = {isa = PBXBuildFile; fileRef = B1D891B7304E438E00C308F8 /* Style.css */; };
		B1D891BA304E438E00C308F8 /* Script.js in Resources */ = {isa = PBXBuildFile; fileRef = B1D891B9304E438E00C308F8 /* Script.js */; };
		B1D891BC304E438E00C308F8 /* ViewController.swift in Sources */ = {isa = PBXBuildFile; fileRef = B1D891BB304E438E00C308F8 /* ViewController.swift */; };
		B1D891BF304E438E00C308F8 /* Main.storyboard in Resources */ = {isa = PBXBuildFile; fileRef = B1D891BD304E438E00C308F8 /* Main.storyboard */; };
		B1D891C1304E438E00C308F8 /* Assets.xcassets in Resources */ = {isa = PBXBuildFile; fileRef = B1D891C0304E438E00C308F8 /* Assets.xcassets */; };
		B1D891C8304E438E00C308F8 /* Moodwall Extension.appex in Embed Foundation Extensions */ = {isa = PBXBuildFile; fileRef = B1D891C7304E438E00C308F8 /* Moodwall Extension.appex */; settings = {ATTRIBUTES = (RemoveHeadersOnCopy, ); }; };
		B1D891CD304E438E00C308F8 /* SafariWebExtensionHandler.swift in Sources */ = {isa = PBXBuildFile; fileRef = B1D891CC304E438E00C308F8 /* SafariWebExtensionHandler.swift */; };
		B1D891DE304E438F00C308F8 /* newtab.js in Resources */ = {isa = PBXBuildFile; fileRef = B1D891D9304E438F00C308F8 /* newtab.js */; };
		B1D891DF304E438F00C308F8 /* newtab.html in Resources */ = {isa = PBXBuildFile; fileRef = B1D891DA304E438F00C308F8 /* newtab.html */; };
		B1D891E0304E438F00C308F8 /* README.md in Resources */ = {isa = PBXBuildFile; fileRef = B1D891DB304E438F00C308F8 /* README.md */; };
		B1D891E1304E438F00C308F8 /* manifest.json in Resources */ = {isa = PBXBuildFile; fileRef = B1D891DC304E438F00C308F8 /* manifest.json */; };
		B1D891E2304E438F00C308F8 /* newtab.css in Resources */ = {isa = PBXBuildFile; fileRef = B1D891DD304E438F00C308F8 /* newtab.css */; };
/* End PBXBuildFile section */

/* Begin PBXContainerItemProxy section */
		B1D891C9304E438E00C308F8 /* PBXContainerItemProxy */ = {
			isa = PBXContainerItemProxy;
			containerPortal = B1D891A4304E438E00C308F8 /* Project object */;
			proxyType = 1;
			remoteGlobalIDString = B1D891C6304E438E00C308F8;
			remoteInfo = "Moodwall Extension";
		};
/* End PBXContainerItemProxy section */

/* Begin PBXCopyFilesBuildPhase section */
		B1D891D4304E438E00C308F8 /* Embed Foundation Extensions */ = {
			isa = PBXCopyFilesBuildPhase;
			buildActionMask = 2147483647;
			dstPath = "";
			dstSubfolderSpec = 13;
			files = (
				B1D891C8304E438E00C308F8 /* Moodwall Extension.appex in Embed Foundation Extensions */,
			);
			name = "Embed Foundation Extensions";
			runOnlyForDeploymentPostprocessing = 0;
		};
/* End PBXCopyFilesBuildPhase section */

/* Begin PBXFileReference section */
		B1D891AC304E438E00C308F8 /* Moodwall.app */ = {isa = PBXFileReference; explicitFileType = wrapper.application; includeInIndex = 0; path = Moodwall.app; sourceTree = BUILT_PRODUCTS_DIR; };
		B1D891AF304E438E00C308F8 /* AppDelegate.swift */ = {isa = PBXFileReference; lastKnownFileType = sourcecode.swift; path = AppDelegate.swift; sourceTree = "<group>"; };
		B1D891B3304E438E00C308F8 /* Base */ = {isa = PBXFileReference; lastKnownFileType = text.html; name = Base; path = Base.lproj/Main.html; sourceTree = "<group>"; };
		B1D891B5304E438E00C308F8 /* Icon.png */ = {isa = PBXFileReference; lastKnownFileType = image.png; path = Icon.png; sourceTree = "<group>"; };
		B1D891B7304E438E00C308F8 /* Style.css */ = {isa = PBXFileReference; lastKnownFileType = text.css; path = Style.css; sourceTree = "<group>"; };
		B1D891B9304E438E00C308F8 /* Script.js */ = {isa = PBXFileReference; lastKnownFileType = sourcecode.javascript; path = Script.js; sourceTree = "<group>"; };
		B1D891BB304E438E00C308F8 /* ViewController.swift */ = {isa = PBXFileReference; lastKnownFileType = sourcecode.swift; path = ViewController.swift; sourceTree = "<group>"; };
		B1D891BE304E438E00C308F8 /* Base */ = {isa = PBXFileReference; lastKnownFileType = file.storyboard; name = Base; path = Base.lproj/Main.storyboard; sourceTree = "<group>"; };
		B1D891C0304E438E00C308F8 /* Assets.xcassets */ = {isa = PBXFileReference; lastKnownFileType = folder.assetcatalog; path = Assets.xcassets; sourceTree = "<group>"; };
		B1D891C2304E438E00C308F8 /* Info.plist */ = {isa = PBXFileReference; lastKnownFileType = text.plist.xml; path = Info.plist; sourceTree = "<group>"; };
		B1D891C7304E438E00C308F8 /* Moodwall Extension.appex */ = {isa = PBXFileReference; explicitFileType = "wrapper.app-extension"; includeInIndex = 0; path = "Moodwall Extension.appex"; sourceTree = BUILT_PRODUCTS_DIR; };
		B1D891CC304E438E00C308F8 /* SafariWebExtensionHandler.swift */ = {isa = PBXFileReference; lastKnownFileType = sourcecode.swift; path = SafariWebExtensionHandler.swift; sourceTree = "<group>"; };
		B1D891CE304E438E00C308F8 /* Info.plist */ = {isa = PBXFileReference; lastKnownFileType = text.plist.xml; path = Info.plist; sourceTree = "<group>"; };
		B1D891D9304E438F00C308F8 /* newtab.js */ = {isa = PBXFileReference; lastKnownFileType = sourcecode.javascript; name = newtab.js; path = Resources/newtab.js; sourceTree = "<group>"; };
		B1D891DA304E438F00C308F8 /* newtab.html */ = {isa = PBXFileReference; lastKnownFileType = text.html; name = newtab.html; path = Resources/newtab.html; sourceTree = "<group>"; };
		B1D891DB304E438F00C308F8 /* README.md */ = {isa = PBXFileReference; lastKnownFileType = net.daringfireball.markdown; name = README.md; path = Resources/README.md; sourceTree = "<group>"; };
		B1D891DC304E438F00C308F8 /* manifest.json */ = {isa = PBXFileReference; lastKnownFileType = text.json; name = manifest.json; path = Resources/manifest.json; sourceTree = "<group>"; };
		B1D891DD304E438F00C308F8 /* newtab.css */ = {isa = PBXFileReference; lastKnownFileType = text.css; name = newtab.css; path = Resources/newtab.css; sourceTree = "<group>"; };
/* End PBXFileReference section */

/* Begin PBXFrameworksBuildPhase section */
		B1D891A9304E438E00C308F8 /* Frameworks */ = {
			isa = PBXFrameworksBuildPhase;
			buildActionMask = 2147483647;
			files = (
			);
			runOnlyForDeploymentPostprocessing = 0;
		};
		B1D891C4304E438E00C308F8 /* Frameworks */ = {
			isa = PBXFrameworksBuildPhase;
			buildActionMask = 2147483647;
			files = (
			);
			runOnlyForDeploymentPostprocessing = 0;
		};
/* End PBXFrameworksBuildPhase section */

/* Begin PBXGroup section */
		B1D891A3304E438E00C308F8 = {
			isa = PBXGroup;
			children = (
				B1D891AE304E438E00C308F8 /* Moodwall */,
				B1D891CB304E438E00C308F8 /* Moodwall Extension */,
				B1D891AD304E438E00C308F8 /* Products */,
			);
			sourceTree = "<group>";
		};
		B1D891AD304E438E00C308F8 /* Products */ = {
			isa = PBXGroup;
			children = (
				B1D891AC304E438E00C308F8 /* Moodwall.app */,
				B1D891C7304E438E00C308F8 /* Moodwall Extension.appex */,
			);
			name = Products;
			sourceTree = "<group>";
		};
		B1D891AE304E438E00C308F8 /* Moodwall */ = {
			isa = PBXGroup;
			children = (
				B1D891AF304E438E00C308F8 /* AppDelegate.swift */,
				B1D891BB304E438E00C308F8 /* ViewController.swift */,
				B1D891BD304E438E00C308F8 /* Main.storyboard */,
				B1D891C0304E438E00C308F8 /* Assets.xcassets */,
				B1D891C2304E438E00C308F8 /* Info.plist */,
				B1D891B1304E438E00C308F8 /* Resources */,
			);
			path = Moodwall;
			sourceTree = "<group>";
		};
		B1D891B1304E438E00C308F8 /* Resources */ = {
			isa = PBXGroup;
			children = (
				B1D891B2304E438E00C308F8 /* Main.html */,
				B1D891B5304E438E00C308F8 /* Icon.png */,
				B1D891B7304E438E00C308F8 /* Style.css */,
				B1D891B9304E438E00C308F8 /* Script.js */,
			);
			path = Resources;
			sourceTree = "<group>";
		};
		B1D891CB304E438E00C308F8 /* Moodwall Extension */ = {
			isa = PBXGroup;
			children = (
				B1D891D8304E438F00C308F8 /* Resources */,
				B1D891CC304E438E00C308F8 /* SafariWebExtensionHandler.swift */,
				B1D891CE304E438E00C308F8 /* Info.plist */,
			);
			path = "Moodwall Extension";
			sourceTree = "<group>";
		};
		B1D891D8304E438F00C308F8 /* Resources */ = {
			isa = PBXGroup;
			children = (
				B1D891D9304E438F00C308F8 /* newtab.js */,
				B1D891DA304E438F00C308F8 /* newtab.html */,
				B1D891DB304E438F00C308F8 /* README.md */,
				B1D891DC304E438F00C308F8 /* manifest.json */,
				B1D891DD304E438F00C308F8 /* newtab.css */,
			);
			name = Resources;
			path = "Moodwall Extension";
			sourceTree = SOURCE_ROOT;
		};
/* End PBXGroup section */

/* Begin PBXNativeTarget section */
		B1D891AB304E438E00C308F8 /* Moodwall */ = {
			isa = PBXNativeTarget;
			buildConfigurationList = B1D891D5304E438E00C308F8 /* Build configuration list for PBXNativeTarget "Moodwall" */;
			buildPhases = (
				B1D891A8304E438E00C308F8 /* Sources */,
				B1D891A9304E438E00C308F8 /* Frameworks */,
				B1D891AA304E438E00C308F8 /* Resources */,
				B1D891D4304E438E00C308F8 /* Embed Foundation Extensions */,
			);
			buildRules = (
			);
			dependencies = (
				B1D891CA304E438E00C308F8 /* PBXTargetDependency */,
			);
			name = Moodwall;
			packageProductDependencies = (
			);
			productName = Moodwall;
			productReference = B1D891AC304E438E00C308F8 /* Moodwall.app */;
			productType = "com.apple.product-type.application";
		};
		B1D891C6304E438E00C308F8 /* Moodwall Extension */ = {
			isa = PBXNativeTarget;
			buildConfigurationList = B1D891D1304E438E00C308F8 /* Build configuration list for PBXNativeTarget "Moodwall Extension" */;
			buildPhases = (
				B1D891C3304E438E00C308F8 /* Sources */,
				B1D891C4304E438E00C308F8 /* Frameworks */,
				B1D891C5304E438E00C308F8 /* Resources */,
			);
			buildRules = (
			);
			dependencies = (
			);
			name = "Moodwall Extension";
			packageProductDependencies = (
			);
			productName = "Moodwall Extension";
			productReference = B1D891C7304E438E00C308F8 /* Moodwall Extension.appex */;
			productType = "com.apple.product-type.app-extension";
		};
/* End PBXNativeTarget section */

/* Begin PBXProject section */
		B1D891A4304E438E00C308F8 /* Project object */ = {
			isa = PBXProject;
			attributes = {
				BuildIndependentTargetsInParallel = 1;
				LastSwiftUpdateCheck = 2660;
				LastUpgradeCheck = 2660;
				TargetAttributes = {
					B1D891AB304E438E00C308F8 = {
						CreatedOnToolsVersion = 26.6;
					};
					B1D891C6304E438E00C308F8 = {
						CreatedOnToolsVersion = 26.6;
					};
				};
			};
			buildConfigurationList = B1D891A7304E438E00C308F8 /* Build configuration list for PBXProject "Moodwall" */;
			developmentRegion = en;
			hasScannedForEncodings = 0;
			knownRegions = (
				en,
				Base,
			);
			mainGroup = B1D891A3304E438E00C308F8;
			minimizedProjectReferenceProxies = 1;
			preferredProjectObjectVersion = 77;
			productRefGroup = B1D891AD304E438E00C308F8 /* Products */;
			projectDirPath = "";
			projectRoot = "";
			targets = (
				B1D891AB304E438E00C308F8 /* Moodwall */,
				B1D891C6304E438E00C308F8 /* Moodwall Extension */,
			);
		};
/* End PBXProject section */

/* Begin PBXResourcesBuildPhase section */
		B1D891AA304E438E00C308F8 /* Resources */ = {
			isa = PBXResourcesBuildPhase;
			buildActionMask = 2147483647;
			files = (
				B1D891B6304E438E00C308F8 /* Icon.png in Resources */,
				B1D891BF304E438E00C308F8 /* Main.storyboard in Resources */,
				B1D891BA304E438E00C308F8 /* Script.js in Resources */,
				B1D891B4304E438E00C308F8 /* Main.html in Resources */,
				B1D891C1304E438E00C308F8 /* Assets.xcassets in Resources */,
				B1D891B8304E438E00C308F8 /* Style.css in Resources */,
			);
			runOnlyForDeploymentPostprocessing = 0;
		};
		B1D891C5304E438E00C308F8 /* Resources */ = {
			isa = PBXResourcesBuildPhase;
			buildActionMask = 2147483647;
			files = (
				B1D891E2304E438F00C308F8 /* newtab.css in Resources */,
				B1D891E1304E438F00C308F8 /* manifest.json in Resources */,
				B1D891E0304E438F00C308F8 /* README.md in Resources */,
				B1D891DE304E438F00C308F8 /* newtab.js in Resources */,
				B1D891DF304E438F00C308F8 /* newtab.html in Resources */,
			);
			runOnlyForDeploymentPostprocessing = 0;
		};
/* End PBXResourcesBuildPhase section */

/* Begin PBXSourcesBuildPhase section */
		B1D891A8304E438E00C308F8 /* Sources */ = {
			isa = PBXSourcesBuildPhase;
			buildActionMask = 2147483647;
			files = (
				B1D891BC304E438E00C308F8 /* ViewController.swift in Sources */,
				B1D891B0304E438E00C308F8 /* AppDelegate.swift in Sources */,
			);
			runOnlyForDeploymentPostprocessing = 0;
		};
		B1D891C3304E438E00C308F8 /* Sources */ = {
			isa = PBXSourcesBuildPhase;
			buildActionMask = 2147483647;
			files = (
				B1D891CD304E438E00C308F8 /* SafariWebExtensionHandler.swift in Sources */,
			);
			runOnlyForDeploymentPostprocessing = 0;
		};
/* End PBXSourcesBuildPhase section */

/* Begin PBXTargetDependency section */
		B1D891CA304E438E00C308F8 /* PBXTargetDependency */ = {
			isa = PBXTargetDependency;
			target = B1D891C6304E438E00C308F8 /* Moodwall Extension */;
			targetProxy = B1D891C9304E438E00C308F8 /* PBXContainerItemProxy */;
		};
/* End PBXTargetDependency section */

/* Begin PBXVariantGroup section */
		B1D891B2304E438E00C308F8 /* Main.html */ = {
			isa = PBXVariantGroup;
			children = (
				B1D891B3304E438E00C308F8 /* Base */,
			);
			name = Main.html;
			sourceTree = "<group>";
		};
		B1D891BD304E438E00C308F8 /* Main.storyboard */ = {
			isa = PBXVariantGroup;
			children = (
				B1D891BE304E438E00C308F8 /* Base */,
			);
			name = Main.storyboard;
			sourceTree = "<group>";
		};
/* End PBXVariantGroup section */

/* Begin XCBuildConfiguration section */
		B1D891CF304E438E00C308F8 /* Debug */ = {
			isa = XCBuildConfiguration;
			buildSettings = {
				ALWAYS_SEARCH_USER_PATHS = NO;
				ASSETCATALOG_COMPILER_GENERATE_SWIFT_ASSET_SYMBOL_EXTENSIONS = YES;
				CLANG_ANALYZER_NONNULL = YES;
				CLANG_ANALYZER_NUMBER_OBJECT_CONVERSION = YES_AGGRESSIVE;
				CLANG_CXX_LANGUAGE_STANDARD = "gnu++20";
				CLANG_ENABLE_MODULES = YES;
				CLANG_ENABLE_OBJC_ARC = YES;
				CLANG_ENABLE_OBJC_WEAK = YES;
				CLANG_WARN_BLOCK_CAPTURE_AUTORELEASING = YES;
				CLANG_WARN_BOOL_CONVERSION = YES;
				CLANG_WARN_COMMA = YES;
				CLANG_WARN_CONSTANT_CONVERSION = YES;
				CLANG_WARN_DEPRECATED_OBJC_IMPLEMENTATIONS = YES;
				CLANG_WARN_DIRECT_OBJC_ISA_USAGE = YES_ERROR;
				CLANG_WARN_DOCUMENTATION_COMMENTS = YES;
				CLANG_WARN_EMPTY_BODY = YES;
				CLANG_WARN_ENUM_CONVERSION = YES;
				CLANG_WARN_INFINITE_RECURSION = YES;
				CLANG_WARN_INT_CONVERSION = YES;
				CLANG_WARN_NON_LITERAL_NULL_CONVERSION = YES;
				CLANG_WARN_OBJC_IMPLICIT_RETAIN_SELF = YES;
				CLANG_WARN_OBJC_LITERAL_CONVERSION = YES;
				CLANG_WARN_OBJC_ROOT_CLASS = YES_ERROR;
				CLANG_WARN_QUOTED_INCLUDE_IN_FRAMEWORK_HEADER = YES;
				CLANG_WARN_RANGE_LOOP_ANALYSIS = YES;
				CLANG_WARN_STRICT_PROTOTYPES = YES;
				CLANG_WARN_SUSPICIOUS_MOVE = YES;
				CLANG_WARN_UNGUARDED_AVAILABILITY = YES_AGGRESSIVE;
				CLANG_WARN_UNREACHABLE_CODE = YES;
				CLANG_WARN__DUPLICATE_METHOD_MATCH = YES;
				COPY_PHASE_STRIP = NO;
				DEBUG_INFORMATION_FORMAT = dwarf;
				ENABLE_STRICT_OBJC_MSGSEND = YES;
				ENABLE_TESTABILITY = YES;
				ENABLE_USER_SCRIPT_SANDBOXING = YES;
				GCC_C_LANGUAGE_STANDARD = gnu17;
				GCC_DYNAMIC_NO_PIC = NO;
				GCC_NO_COMMON_BLOCKS = YES;
				GCC_OPTIMIZATION_LEVEL = 0;
				GCC_PREPROCESSOR_DEFINITIONS = (
					"DEBUG=1",
					"$(inherited)",
				);
				GCC_WARN_64_TO_32_BIT_CONVERSION = YES;
				GCC_WARN_ABOUT_RETURN_TYPE = YES_ERROR;
				GCC_WARN_UNDECLARED_SELECTOR = YES;
				GCC_WARN_UNINITIALIZED_AUTOS = YES_AGGRESSIVE;
				GCC_WARN_UNUSED_FUNCTION = YES;
				GCC_WARN_UNUSED_VARIABLE = YES;
				LOCALIZATION_PREFERS_STRING_CATALOGS = YES;
				MACOSX_DEPLOYMENT_TARGET = 26.5;
				MTL_ENABLE_DEBUG_INFO = INCLUDE_SOURCE;
				MTL_FAST_MATH = YES;
				ONLY_ACTIVE_ARCH = YES;
				SDKROOT = macosx;
				SWIFT_ACTIVE_COMPILATION_CONDITIONS = "DEBUG $(inherited)";
				SWIFT_OPTIMIZATION_LEVEL = "-Onone";
			};
			name = Debug;
		};
		B1D891D0304E438E00C308F8 /* Release */ = {
			isa = XCBuildConfiguration;
			buildSettings = {
				ALWAYS_SEARCH_USER_PATHS = NO;
				ASSETCATALOG_COMPILER_GENERATE_SWIFT_ASSET_SYMBOL_EXTENSIONS = YES;
				CLANG_ANALYZER_NONNULL = YES;
				CLANG_ANALYZER_NUMBER_OBJECT_CONVERSION = YES_AGGRESSIVE;
				CLANG_CXX_LANGUAGE_STANDARD = "gnu++20";
				CLANG_ENABLE_MODULES = YES;
				CLANG_ENABLE_OBJC_ARC = YES;
				CLANG_ENABLE_OBJC_WEAK = YES;
				CLANG_WARN_BLOCK_CAPTURE_AUTORELEASING = YES;
				CLANG_WARN_BOOL_CONVERSION = YES;
				CLANG_WARN_COMMA = YES;
				CLANG_WARN_CONSTANT_CONVERSION = YES;
				CLANG_WARN_DEPRECATED_OBJC_IMPLEMENTATIONS = YES;
				CLANG_WARN_DIRECT_OBJC_ISA_USAGE = YES_ERROR;
				CLANG_WARN_DOCUMENTATION_COMMENTS = YES;
				CLANG_WARN_EMPTY_BODY = YES;
				CLANG_WARN_ENUM_CONVERSION = YES;
				CLANG_WARN_INFINITE_RECURSION = YES;
				CLANG_WARN_INT_CONVERSION = YES;
				CLANG_WARN_NON_LITERAL_NULL_CONVERSION = YES;
				CLANG_WARN_OBJC_IMPLICIT_RETAIN_SELF = YES;
				CLANG_WARN_OBJC_LITERAL_CONVERSION = YES;
				CLANG_WARN_OBJC_ROOT_CLASS = YES_ERROR;
				CLANG_WARN_QUOTED_INCLUDE_IN_FRAMEWORK_HEADER = YES;
				CLANG_WARN_RANGE_LOOP_ANALYSIS = YES;
				CLANG_WARN_STRICT_PROTOTYPES = YES;
				CLANG_WARN_SUSPICIOUS_MOVE = YES;
				CLANG_WARN_UNGUARDED_AVAILABILITY = YES_AGGRESSIVE;
				CLANG_WARN_UNREACHABLE_CODE = YES;
				CLANG_WARN__DUPLICATE_METHOD_MATCH = YES;
				COPY_PHASE_STRIP = NO;
				DEBUG_INFORMATION_FORMAT = "dwarf-with-dsym";
				ENABLE_NS_ASSERTIONS = NO;
				ENABLE_STRICT_OBJC_MSGSEND = YES;
				ENABLE_USER_SCRIPT_SANDBOXING = YES;
				GCC_C_LANGUAGE_STANDARD = gnu17;
				GCC_NO_COMMON_BLOCKS = YES;
				GCC_WARN_64_TO_32_BIT_CONVERSION = YES;
				GCC_WARN_ABOUT_RETURN_TYPE = YES_ERROR;
				GCC_WARN_UNDECLARED_SELECTOR = YES;
				GCC_WARN_UNINITIALIZED_AUTOS = YES_AGGRESSIVE;
				GCC_WARN_UNUSED_FUNCTION = YES;
				GCC_WARN_UNUSED_VARIABLE = YES;
				LOCALIZATION_PREFERS_STRING_CATALOGS = YES;
				MACOSX_DEPLOYMENT_TARGET = 26.5;
				MTL_ENABLE_DEBUG_INFO = NO;
				MTL_FAST_MATH = YES;
				SDKROOT = macosx;
				SWIFT_COMPILATION_MODE = wholemodule;
			};
			name = Release;
		};
		B1D891D2304E438E00C308F8 /* Debug */ = {
			isa = XCBuildConfiguration;
			buildSettings = {
				CODE_SIGN_STYLE = Automatic;
				CURRENT_PROJECT_VERSION = 1;
				ENABLE_APP_SANDBOX = YES;
				ENABLE_HARDENED_RUNTIME = YES;
				ENABLE_USER_SELECTED_FILES = readonly;
				GENERATE_INFOPLIST_FILE = YES;
				INFOPLIST_FILE = "Moodwall Extension/Info.plist";
				INFOPLIST_KEY_CFBundleDisplayName = "Moodwall Extension";
				INFOPLIST_KEY_NSHumanReadableCopyright = "";
				LD_RUNPATH_SEARCH_PATHS = (
					"$(inherited)",
					"@executable_path/../Frameworks",
					"@executable_path/../../../../Frameworks",
				);
				MACOSX_DEPLOYMENT_TARGET = 10.14;
				MARKETING_VERSION = 1.0;
				OTHER_LDFLAGS = (
					"-framework",
					SafariServices,
				);
				PRODUCT_BUNDLE_IDENTIFIER = com.moodwall.safari.Extension;
				PRODUCT_NAME = "$(TARGET_NAME)";
				SKIP_INSTALL = YES;
				STRING_CATALOG_GENERATE_SYMBOLS = YES;
				SWIFT_APPROACHABLE_CONCURRENCY = YES;
				SWIFT_EMIT_LOC_STRINGS = YES;
				SWIFT_UPCOMING_FEATURE_MEMBER_IMPORT_VISIBILITY = YES;
				SWIFT_VERSION = 5.0;
			};
			name = Debug;
		};
		B1D891D3304E438E00C308F8 /* Release */ = {
			isa = XCBuildConfiguration;
			buildSettings = {
				CODE_SIGN_STYLE = Automatic;
				CURRENT_PROJECT_VERSION = 1;
				ENABLE_APP_SANDBOX = YES;
				ENABLE_HARDENED_RUNTIME = YES;
				ENABLE_USER_SELECTED_FILES = readonly;
				GENERATE_INFOPLIST_FILE = YES;
				INFOPLIST_FILE = "Moodwall Extension/Info.plist";
				INFOPLIST_KEY_CFBundleDisplayName = "Moodwall Extension";
				INFOPLIST_KEY_NSHumanReadableCopyright = "";
				LD_RUNPATH_SEARCH_PATHS = (
					"$(inherited)",
					"@executable_path/../Frameworks",
					"@executable_path/../../../../Frameworks",
				);
				MACOSX_DEPLOYMENT_TARGET = 10.14;
				MARKETING_VERSION = 1.0;
				OTHER_LDFLAGS = (
					"-framework",
					SafariServices,
				);
				PRODUCT_BUNDLE_IDENTIFIER = com.moodwall.safari.Extension;
				PRODUCT_NAME = "$(TARGET_NAME)";
				SKIP_INSTALL = YES;
				STRING_CATALOG_GENERATE_SYMBOLS = YES;
				SWIFT_APPROACHABLE_CONCURRENCY = YES;
				SWIFT_EMIT_LOC_STRINGS = YES;
				SWIFT_UPCOMING_FEATURE_MEMBER_IMPORT_VISIBILITY = YES;
				SWIFT_VERSION = 5.0;
			};
			name = Release;
		};
		B1D891D6304E438E00C308F8 /* Debug */ = {
			isa = XCBuildConfiguration;
			buildSettings = {
				ASSETCATALOG_COMPILER_APPICON_NAME = AppIcon;
				ASSETCATALOG_COMPILER_GLOBAL_ACCENT_COLOR_NAME = AccentColor;
				CODE_SIGN_STYLE = Automatic;
				COMBINE_HIDPI_IMAGES = YES;
				CURRENT_PROJECT_VERSION = 1;
				ENABLE_APP_SANDBOX = YES;
				ENABLE_HARDENED_RUNTIME = YES;
				ENABLE_OUTGOING_NETWORK_CONNECTIONS = YES;
				ENABLE_USER_SELECTED_FILES = readonly;
				GENERATE_INFOPLIST_FILE = YES;
				INFOPLIST_FILE = Moodwall/Info.plist;
				INFOPLIST_KEY_CFBundleDisplayName = Moodwall;
				INFOPLIST_KEY_NSHumanReadableCopyright = "";
				INFOPLIST_KEY_NSMainStoryboardFile = Main;
				INFOPLIST_KEY_NSPrincipalClass = NSApplication;
				LD_RUNPATH_SEARCH_PATHS = (
					"$(inherited)",
					"@executable_path/../Frameworks",
				);
				MARKETING_VERSION = 1.0;
				OTHER_LDFLAGS = (
					"-framework",
					SafariServices,
					"-framework",
					WebKit,
				);
				PRODUCT_BUNDLE_IDENTIFIER = com.moodwall.safari;
				PRODUCT_NAME = "$(TARGET_NAME)";
				REGISTER_APP_GROUPS = YES;
				STRING_CATALOG_GENERATE_SYMBOLS = YES;
				SWIFT_APPROACHABLE_CONCURRENCY = YES;
				SWIFT_DEFAULT_ACTOR_ISOLATION = MainActor;
				SWIFT_EMIT_LOC_STRINGS = YES;
				SWIFT_UPCOMING_FEATURE_MEMBER_IMPORT_VISIBILITY = YES;
				SWIFT_VERSION = 5.0;
			};
			name = Debug;
		};
		B1D891D7304E438E00C308F8 /* Release */ = {
			isa = XCBuildConfiguration;
			buildSettings = {
				ASSETCATALOG_COMPILER_APPICON_NAME = AppIcon;
				ASSETCATALOG_COMPILER_GLOBAL_ACCENT_COLOR_NAME = AccentColor;
				CODE_SIGN_STYLE = Automatic;
				COMBINE_HIDPI_IMAGES = YES;
				CURRENT_PROJECT_VERSION = 1;
				ENABLE_APP_SANDBOX = YES;
				ENABLE_HARDENED_RUNTIME = YES;
				ENABLE_OUTGOING_NETWORK_CONNECTIONS = YES;
				ENABLE_USER_SELECTED_FILES = readonly;
				GENERATE_INFOPLIST_FILE = YES;
				INFOPLIST_FILE = Moodwall/Info.plist;
				INFOPLIST_KEY_CFBundleDisplayName = Moodwall;
				INFOPLIST_KEY_NSHumanReadableCopyright = "";
				INFOPLIST_KEY_NSMainStoryboardFile = Main;
				INFOPLIST_KEY_NSPrincipalClass = NSApplication;
				LD_RUNPATH_SEARCH_PATHS = (
					"$(inherited)",
					"@executable_path/../Frameworks",
				);
				MARKETING_VERSION = 1.0;
				OTHER_LDFLAGS = (
					"-framework",
					SafariServices,
					"-framework",
					WebKit,
				);
				PRODUCT_BUNDLE_IDENTIFIER = com.moodwall.safari;
				PRODUCT_NAME = "$(TARGET_NAME)";
				REGISTER_APP_GROUPS = YES;
				STRING_CATALOG_GENERATE_SYMBOLS = YES;
				SWIFT_APPROACHABLE_CONCURRENCY = YES;
				SWIFT_DEFAULT_ACTOR_ISOLATION = MainActor;
				SWIFT_EMIT_LOC_STRINGS = YES;
				SWIFT_UPCOMING_FEATURE_MEMBER_IMPORT_VISIBILITY = YES;
				SWIFT_VERSION = 5.0;
			};
			name = Release;
		};
/* End XCBuildConfiguration section */

/* Begin XCConfigurationList section */
		B1D891A7304E438E00C308F8 /* Build configuration list for PBXProject "Moodwall" */ = {
			isa = XCConfigurationList;
			buildConfigurations = (
				B1D891CF304E438E00C308F8 /* Debug */,
				B1D891D0304E438E00C308F8 /* Release */,
			);
			defaultConfigurationIsVisible = 0;
			defaultConfigurationName = Release;
		};
		B1D891D1304E438E00C308F8 /* Build configuration list for PBXNativeTarget "Moodwall Extension" */ = {
			isa = XCConfigurationList;
			buildConfigurations = (
				B1D891D2304E438E00C308F8 /* Debug */,
				B1D891D3304E438E00C308F8 /* Release */,
			);
			defaultConfigurationIsVisible = 0;
			defaultConfigurationName = Release;
		};
		B1D891D5304E438E00C308F8 /* Build configuration list for PBXNativeTarget "Moodwall" */ = {
			isa = XCConfigurationList;
			buildConfigurations = (
				B1D891D6304E438E00C308F8 /* Debug */,
				B1D891D7304E438E00C308F8 /* Release */,
			);
			defaultConfigurationIsVisible = 0;
			defaultConfigurationName = Release;
		};
/* End XCConfigurationList section */
	};
	rootObject = B1D891A4304E438E00C308F8 /* Project object */;
}
